{
  "version": 4,
  "terraform_version": "1.1.7",
  "serial": 3,
  "lineage": "91f9a956-e67d-7993-c317-cb9b50940ff1",
  "outputs": {},
  "resources": [
    {
      "mode": "managed",
      "type": "aws_vpc",
      "name": "rajesh-vpc",
      "provider": "provider[\"registry.terraform.io/hashicorp/aws\"]",
      "instances": [
        {
          "schema_version": 1,
          "attributes": {
            "arn": "arn:aws:ec2:eu-west-3:567749627506:vpc/vpc-0ac8e0e62c9f7db45",
            "assign_generated_ipv6_cidr_block": false,
            "cidr_block": "192.168.7.0/24",
            "default_network_acl_id": "acl-01c7c87e763e448b0",
            "default_route_table_id": "rtb-009c3f9b87fc9d427",
            "default_security_group_id": "sg-0892830c394be3210",
            "dhcp_options_id": "dopt-0cbde7c37be30ba96",
            "enable_classiclink": false,
            "enable_classiclink_dns_support": false,
            "enable_dns_hostnames": false,
            "enable_dns_support": true,
            "id": "vpc-0ac8e0e62c9f7db45",
            "instance_tenancy": "default",
            "ipv4_ipam_pool_id": null,
            "ipv4_netmask_length": null,
            "ipv6_association_id": "",
            "ipv6_cidr_block": "",
            "ipv6_cidr_block_network_border_group": "",
            "ipv6_ipam_pool_id": "",
            "ipv6_netmask_length": 0,
            "main_route_table_id": "rtb-009c3f9b87fc9d427",
            "owner_id": "567749627506",
            "tags": {
              "Name": "rajesh-vpc"
            },
            "tags_all": {
              "Name": "rajesh-vpc"
            }
          },
          "sensitive_attributes": [],
          "private": "eyJzY2hlbWFfdmVyc2lvbiI6IjEifQ=="
        }
      ]
    }
  ]
}
